
Microsoft Visual Studio Solution File, Format Version 12.00
# Visual Studio Version 17
VisualStudioVersion = 17.12.35514.174 d17.12
MinimumVisualStudioVersion = 10.0.40219.1
Project("{FAE04EC0-301F-11D3-BF4B-00C04F79EFBC}") = "HobbyMatch", "HobbyMatch\HobbyMatch\HobbyMatch.csproj", "{886E63DB-3AB4-48C2-9E5A-1F5F873A6ED2}"
EndProject
Project("{FAE04EC0-301F-11D3-BF4B-00C04F79EFBC}") = "HobbyMatch.Client", "HobbyMatch\HobbyMatch.Client\HobbyMatch.Client.csproj", "{5D094CF8-D2BD-4841-8048-55D25236168E}"
EndProject
Global
	GlobalSection(SolutionConfigurationPlatforms) = preSolution
		Debug|Any CPU = Debug|Any CPU
		Release|Any CPU = Release|Any CPU
	EndGlobalSection
	GlobalSection(ProjectConfigurationPlatforms) = postSolution
		{886E63DB-3AB4-48C2-9E5A-1F5F873A6ED2}.Debug|Any CPU.ActiveCfg = Debug|Any CPU
		{886E63DB-3AB4-48C2-9E5A-1F5F873A6ED2}.Debug|Any CPU.Build.0 = Debug|Any CPU
		{886E63DB-3AB4-48C2-9E5A-1F5F873A6ED2}.Release|Any CPU.ActiveCfg = Release|Any CPU
		{886E63DB-3AB4-48C2-9E5A-1F5F873A6ED2}.Release|Any CPU.Build.0 = Release|Any CPU
		{5D094CF8-D2BD-4841-8048-55D25236168E}.Debug|Any CPU.ActiveCfg = Debug|Any CPU
		{5D094CF8-D2BD-4841-8048-55D25236168E}.Debug|Any CPU.Build.0 = Debug|Any CPU
		{5D094CF8-D2BD-4841-8048-55D25236168E}.Release|Any CPU.ActiveCfg = Release|Any CPU
		{5D094CF8-D2BD-4841-8048-55D25236168E}.Release|Any CPU.Build.0 = Release|Any CPU
	EndGlobalSection
	GlobalSection(SolutionProperties) = preSolution
		HideSolutionNode = FALSE
	EndGlobalSection
EndGlobal
