
Microsoft Visual Studio Solution File, Format Version 12.00
# Visual Studio Version 17
VisualStudioVersion = 17.12.35514.174
MinimumVisualStudioVersion = 10.0.40219.1
Project("{FAE04EC0-301F-11D3-BF4B-00C04F79EFBC}") = "HobbyMatchApp", "HobbyMatchApp\HobbyMatchApp.csproj", "{599D196B-23AE-43A8-B568-2716A2B83B83}"
EndProject
Project("{FAE04EC0-301F-11D3-BF4B-00C04F79EFBC}") = "HobbyMatchAPI", "HobbyMatchAPI\HobbyMatchAPI.csproj", "{4F74BFF8-C9A9-489E-AEF6-E02BA73F1D48}"
EndProject
Global
	GlobalSection(SolutionConfigurationPlatforms) = preSolution
		Debug|Any CPU = Debug|Any CPU
		Release|Any CPU = Release|Any CPU
	EndGlobalSection
	GlobalSection(ProjectConfigurationPlatforms) = postSolution
		{599D196B-23AE-43A8-B568-2716A2B83B83}.Debug|Any CPU.ActiveCfg = Debug|Any CPU
		{599D196B-23AE-43A8-B568-2716A2B83B83}.Debug|Any CPU.Build.0 = Debug|Any CPU
		{599D196B-23AE-43A8-B568-2716A2B83B83}.Release|Any CPU.ActiveCfg = Release|Any CPU
		{599D196B-23AE-43A8-B568-2716A2B83B83}.Release|Any CPU.Build.0 = Release|Any CPU
		{4F74BFF8-C9A9-489E-AEF6-E02BA73F1D48}.Debug|Any CPU.ActiveCfg = Debug|Any CPU
		{4F74BFF8-C9A9-489E-AEF6-E02BA73F1D48}.Debug|Any CPU.Build.0 = Debug|Any CPU
		{4F74BFF8-C9A9-489E-AEF6-E02BA73F1D48}.Release|Any CPU.ActiveCfg = Release|Any CPU
		{4F74BFF8-C9A9-489E-AEF6-E02BA73F1D48}.Release|Any CPU.Build.0 = Release|Any CPU
	EndGlobalSection
	GlobalSection(SolutionProperties) = preSolution
		HideSolutionNode = FALSE
	EndGlobalSection
EndGlobal
